{
  "name": "agensgraph",
  "version": "0.1.0-rc",
  "lockfileVersion": 1,
  "requires": true,
  "dependencies": {
    "lodash": {
      "version": "4.17.13",
      "resolved": "https://registry.npmjs.org/lodash/-/lodash-4.17.13.tgz",
      "integrity": "sha512-vm3/XWXfWtRua0FkUyEHBZy8kCPjErNBT9fJx8Zvs+U6zjqPbTUOpkaoum3O5uiA8sm+yNMHXfYkTUHFoMxFNA=="
    },
    "mocha": {
      "version": "4.0.1",
      "resolved": "https://registry.npmjs.org/mocha/-/mocha-4.0.1.tgz",
      "integrity": "sha512-evDmhkoA+cBNiQQQdSKZa2b9+W2mpLoj50367lhy+Klnx9OV8XlCIhigUnn1gaTFLQCa0kdNhEGDr0hCXOQFDw==",
      "dev": true
    },
    "pegjs": {
      "version": "0.10.0",
      "resolved": "https://registry.npmjs.org/pegjs/-/pegjs-0.10.0.tgz",
      "integrity": "sha1-z4uvrm7d/0tafvsYUmnqr0YQ3b0=",
      "dev": true
    },
    "pegjs-loader": {
      "version": "0.5.4",
      "resolved": "https://registry.npmjs.org/pegjs-loader/-/pegjs-loader-0.5.4.tgz",
      "integrity": "sha512-ViH8WwUkc/N8H59zuarORrgCi7uxn+gDIq+Ydriw1GFJi/oUg2xvhsgDDujO6dAxRsxXMgqWESx6TKYIqHorqA==",
      "dev": true
    },
    "pg": {
      "version": "7.4.0",
      "resolved": "https://registry.npmjs.org/pg/-/pg-7.4.0.tgz",
      "integrity": "sha1-4lYGHSxScjw8hY3vuX8RWcpmD4M="
    },
    "webpack": {
      "version": "3.10.0",
      "resolved": "https://registry.npmjs.org/webpack/-/webpack-3.10.0.tgz",
      "integrity": "sha512-fxxKXoicjdXNUMY7LIdY89tkJJJ0m1Oo8PQutZ5rLgWbV5QVKI15Cn7+/IHnRTd3vfKfiwBx6SBqlorAuNA8LA==",
      "dev": true,
      "dependencies": {
        "loader-utils": {
          "version": "1.1.0",
          "resolved": "https://registry.npmjs.org/loader-utils/-/loader-utils-1.1.0.tgz",
          "integrity": "sha1-yYrvSIvM7aL/teLeZG1qdUQp9c0="
        }
      }
    }
  }
}
